// !$*UTF8*$!
{
	archiveVersion = 1;
	classes = {
	};
	objectVersion = 46;
	objects = {

/* Begin PBXBuildFile section */
		F4245F6E19E5C28900C58A41 /* main.m in Sources */ = {isa = PBXBuildFile; fileRef = F4245F6D19E5C28900C58A41 /* main.m */; };
		F4245F7119E5C28900C58A41 /* AppDelegate.m in Sources */ = {isa = PBXBuildFile; fileRef = F4245F7019E5C28900C58A41 /* AppDelegate.m */; };
		F4245F7419E5C28900C58A41 /* ViewController.m in Sources */ = {isa = PBXBuildFile; fileRef = F4245F7319E5C28900C58A41 /* ViewController.m */; };
		F4245F7719E5C28900C58A41 /* Main.storyboard in Resources */ = {isa = PBXBuildFile; fileRef = F4245F7519E5C28900C58A41 /* Main.storyboard */; };
		F4245F7919E5C28900C58A41 /* Images.xcassets in Resources */ = {isa = PBXBuildFile; fileRef = F4245F7819E5C28900C58A41 /* Images.xcassets */; };
		F4245F7C19E5C28900C58A41 /* LaunchScreen.xib in Resources */ = {isa = PBXBuildFile; fileRef = F4245F7A19E5C28900C58A41 /* LaunchScreen.xib */; };
		F4245F8819E5C28900C58A41 /* FarkleTests.m in Sources */ = {isa = PBXBuildFile; fileRef = F4245F8719E5C28900C58A41 /* FarkleTests.m */; };
		F4245F9619E5C2D800C58A41 /* DieLabel.m in Sources */ = {isa = PBXBuildFile; fileRef = F4245F9519E5C2D800C58A41 /* DieLabel.m */; };
/* End PBXBuildFile section */

/* Begin PBXContainerItemProxy section */
		F4245F8219E5C28900C58A41 /* PBXContainerItemProxy */ = {
			isa = PBXContainerItemProxy;
			containerPortal = F4245F6019E5C28900C58A41 /* Project object */;
			proxyType = 1;
			remoteGlobalIDString = F4245F6719E5C28900C58A41;
			remoteInfo = Farkle;
		};
/* End PBXContainerItemProxy section */

/* Begin PBXFileReference section */
		F4245F6819E5C28900C58A41 /* Farkle.app */ = {isa = PBXFileReference; explicitFileType = wrapper.application; includeInIndex = 0; path = Farkle.app; sourceTree = BUILT_PRODUCTS_DIR; };
		F4245F6C19E5C28900C58A41 /* Info.plist */ = {isa = PBXFileReference; lastKnownFileType = text.plist.xml; path = Info.plist; sourceTree = "<group>"; };
		F4245F6D19E5C28900C58A41 /* main.m */ = {isa = PBXFileReference; lastKnownFileType = sourcecode.c.objc; path = main.m; sourceTree = "<group>"; };
		F4245F6F19E5C28900C58A41 /* AppDelegate.h */ = {isa = PBXFileReference; lastKnownFileType = sourcecode.c.h; path = AppDelegate.h; sourceTree = "<group>"; };
		F4245F7019E5C28900C58A41 /* AppDelegate.m */ = {isa = PBXFileReference; lastKnownFileType = sourcecode.c.objc; path = AppDelegate.m; sourceTree = "<group>"; };
		F4245F7219E5C28900C58A41 /* ViewController.h */ = {isa = PBXFileReference; lastKnownFileType = sourcecode.c.h; path = ViewController.h; sourceTree = "<group>"; };
		F4245F7319E5C28900C58A41 /* ViewController.m */ = {isa = PBXFileReference; lastKnownFileType = sourcecode.c.objc; path = ViewController.m; sourceTree = "<group>"; };
		F4245F7619E5C28900C58A41 /* Base */ = {isa = PBXFileReference; lastKnownFileType = file.storyboard; name = Base; path = Base.lproj/Main.storyboard; sourceTree = "<group>"; };
		F4245F7819E5C28900C58A41 /* Images.xcassets */ = {isa = PBXFileReference; lastKnownFileType = folder.assetcatalog; path = Images.xcassets; sourceTree = "<group>"; };
		F4245F7B19E5C28900C58A41 /* Base */ = {isa = PBXFileReference; lastKnownFileType = file.xib; name = Base; path = Base.lproj/LaunchScreen.xib; sourceTree = "<group>"; };
		F4245F8119E5C28900C58A41 /* FarkleTests.xctest */ = {isa = PBXFileReference; explicitFileType = wrapper.cfbundle; includeInIndex = 0; path = FarkleTests.xctest; sourceTree = BUILT_PRODUCTS_DIR; };
		F4245F8619E5C28900C58A41 /* Info.plist */ = {isa = PBXFileReference; lastKnownFileType = text.plist.xml; path = Info.plist; sourceTree = "<group>"; };
		F4245F8719E5C28900C58A41 /* FarkleTests.m */ = {isa = PBXFileReference; lastKnownFileType = sourcecode.c.objc; path = FarkleTests.m; sourceTree = "<group>"; };
		F4245F9419E5C2D800C58A41 /* DieLabel.h */ = {isa = PBXFileReference; fileEncoding = 4; lastKnownFileType = sourcecode.c.h; path = DieLabel.h; sourceTree = "<group>"; };
		F4245F9519E5C2D800C58A41 /* DieLabel.m */ = {isa = PBXFileReference; fileEncoding = 4; lastKnownFileType = sourcecode.c.objc; path = DieLabel.m; sourceTree = "<group>"; };
/* End PBXFileReference section */

/* Begin PBXFrameworksBuildPhase section */
		F4245F6519E5C28900C58A41 /* Frameworks */ = {
			isa = PBXFrameworksBuildPhase;
			buildActionMask = 2147483647;
			files = (
			);
			runOnlyForDeploymentPostprocessing = 0;
		};
		F4245F7E19E5C28900C58A41 /* Frameworks */ = {
			isa = PBXFrameworksBuildPhase;
			buildActionMask = 2147483647;
			files = (
			);
			runOnlyForDeploymentPostprocessing = 0;
		};
/* End PBXFrameworksBuildPhase section */

/* Begin PBXGroup section */
		F4245F5F19E5C28900C58A41 = {
			isa = PBXGroup;
			children = (
				F4245F6A19E5C28900C58A41 /* Farkle */,
				F4245F8419E5C28900C58A41 /* FarkleTests */,
				F4245F6919E5C28900C58A41 /* Products */,
			);
			sourceTree = "<group>";
		};
		F4245F6919E5C28900C58A41 /* Products */ = {
			isa = PBXGroup;
			children = (
				F4245F6819E5C28900C58A41 /* Farkle.app */,
				F4245F8119E5C28900C58A41 /* FarkleTests.xctest */,
			);
			name = Products;
			sourceTree = "<group>";
		};
		F4245F6A19E5C28900C58A41 /* Farkle */ = {
			isa = PBXGroup;
			children = (
				F4245F6F19E5C28900C58A41 /* AppDelegate.h */,
				F4245F7019E5C28900C58A41 /* AppDelegate.m */,
				F4245F7219E5C28900C58A41 /* ViewController.h */,
				F4245F7319E5C28900C58A41 /* ViewController.m */,
				F4245F7519E5C28900C58A41 /* Main.storyboard */,
				F4245F7819E5C28900C58A41 /* Images.xcassets */,
				F4245F7A19E5C28900C58A41 /* LaunchScreen.xib */,
				F4245F6B19E5C28900C58A41 /* Supporting Files */,
				F4245F9419E5C2D800C58A41 /* DieLabel.h */,
				F4245F9519E5C2D800C58A41 /* DieLabel.m */,
			);
			path = Farkle;
			sourceTree = "<group>";
		};
		F4245F6B19E5C28900C58A41 /* Supporting Files */ = {
			isa = PBXGroup;
			children = (
				F4245F6C19E5C28900C58A41 /* Info.plist */,
				F4245F6D19E5C28900C58A41 /* main.m */,
			);
			name = "Supporting Files";
			sourceTree = "<group>";
		};
		F4245F8419E5C28900C58A41 /* FarkleTests */ = {
			isa = PBXGroup;
			children = (
				F4245F8719E5C28900C58A41 /* FarkleTests.m */,
				F4245F8519E5C28900C58A41 /* Supporting Files */,
			);
			path = FarkleTests;
			sourceTree = "<group>";
		};
		F4245F8519E5C28900C58A41 /* Supporting Files */ = {
			isa = PBXGroup;
			children = (
				F4245F8619E5C28900C58A41 /* Info.plist */,
			);
			name = "Supporting Files";
			sourceTree = "<group>";
		};
/* End PBXGroup section */

/* Begin PBXNativeTarget section */
		F4245F6719E5C28900C58A41 /* Farkle */ = {
			isa = PBXNativeTarget;
			buildConfigurationList = F4245F8B19E5C28900C58A41 /* Build configuration list for PBXNativeTarget "Farkle" */;
			buildPhases = (
				F4245F6419E5C28900C58A41 /* Sources */,
				F4245F6519E5C28900C58A41 /* Frameworks */,
				F4245F6619E5C28900C58A41 /* Resources */,
			);
			buildRules = (
			);
			dependencies = (
			);
			name = Farkle;
			productName = Farkle;
			productReference = F4245F6819E5C28900C58A41 /* Farkle.app */;
			productType = "com.apple.product-type.application";
		};
		F4245F8019E5C28900C58A41 /* FarkleTests */ = {
			isa = PBXNativeTarget;
			buildConfigurationList = F4245F8E19E5C28900C58A41 /* Build configuration list for PBXNativeTarget "FarkleTests" */;
			buildPhases = (
				F4245F7D19E5C28900C58A41 /* Sources */,
				F4245F7E19E5C28900C58A41 /* Frameworks */,
				F4245F7F19E5C28900C58A41 /* Resources */,
			);
			buildRules = (
			);
			dependencies = (
				F4245F8319E5C28900C58A41 /* PBXTargetDependency */,
			);
			name = FarkleTests;
			productName = FarkleTests;
			productReference = F4245F8119E5C28900C58A41 /* FarkleTests.xctest */;
			productType = "com.apple.product-type.bundle.unit-test";
		};
/* End PBXNativeTarget section */

/* Begin PBXProject section */
		F4245F6019E5C28900C58A41 /* Project object */ = {
			isa = PBXProject;
			attributes = {
				LastUpgradeCheck = 0600;
				ORGANIZATIONNAME = learningIOS;
				TargetAttributes = {
					F4245F6719E5C28900C58A41 = {
						CreatedOnToolsVersion = 6.0.1;
					};
					F4245F8019E5C28900C58A41 = {
						CreatedOnToolsVersion = 6.0.1;
						TestTargetID = F4245F6719E5C28900C58A41;
					};
				};
			};
			buildConfigurationList = F4245F6319E5C28900C58A41 /* Build configuration list for PBXProject "Farkle" */;
			compatibilityVersion = "Xcode 3.2";
			developmentRegion = English;
			hasScannedForEncodings = 0;
			knownRegions = (
				en,
				Base,
			);
			mainGroup = F4245F5F19E5C28900C58A41;
			productRefGroup = F4245F6919E5C28900C58A41 /* Products */;
			projectDirPath = "";
			projectRoot = "";
			targets = (
				F4245F6719E5C28900C58A41 /* Farkle */,
				F4245F8019E5C28900C58A41 /* FarkleTests */,
			);
		};
/* End PBXProject section */

/* Begin PBXResourcesBuildPhase section */
		F4245F6619E5C28900C58A41 /* Resources */ = {
			isa = PBXResourcesBuildPhase;
			buildActionMask = 2147483647;
			files = (
				F4245F7719E5C28900C58A41 /* Main.storyboard in Resources */,
				F4245F7C19E5C28900C58A41 /* LaunchScreen.xib in Resources */,
				F4245F7919E5C28900C58A41 /* Images.xcassets in Resources */,
			);
			runOnlyForDeploymentPostprocessing = 0;
		};
		F4245F7F19E5C28900C58A41 /* Resources */ = {
			isa = PBXResourcesBuildPhase;
			buildActionMask = 2147483647;
			files = (
			);
			runOnlyForDeploymentPostprocessing = 0;
		};
/* End PBXResourcesBuildPhase section */

/* Begin PBXSourcesBuildPhase section */
		F4245F6419E5C28900C58A41 /* Sources */ = {
			isa = PBXSourcesBuildPhase;
			buildActionMask = 2147483647;
			files = (
				F4245F7419E5C28900C58A41 /* ViewController.m in Sources */,
				F4245F7119E5C28900C58A41 /* AppDelegate.m in Sources */,
				F4245F6E19E5C28900C58A41 /* main.m in Sources */,
				F4245F9619E5C2D800C58A41 /* DieLabel.m in Sources */,
			);
			runOnlyForDeploymentPostprocessing = 0;
		};
		F4245F7D19E5C28900C58A41 /* Sources */ = {
			isa = PBXSourcesBuildPhase;
			buildActionMask = 2147483647;
			files = (
				F4245F8819E5C28900C58A41 /* FarkleTests.m in Sources */,
			);
			runOnlyForDeploymentPostprocessing = 0;
		};
/* End PBXSourcesBuildPhase section */

/* Begin PBXTargetDependency section */
		F4245F8319E5C28900C58A41 /* PBXTargetDependency */ = {
			isa = PBXTargetDependency;
			target = F4245F6719E5C28900C58A41 /* Farkle */;
			targetProxy = F4245F8219E5C28900C58A41 /* PBXContainerItemProxy */;
		};
/* End PBXTargetDependency section */

/* Begin PBXVariantGroup section */
		F4245F7519E5C28900C58A41 /* Main.storyboard */ = {
			isa = PBXVariantGroup;
			children = (
				F4245F7619E5C28900C58A41 /* Base */,
			);
			name = Main.storyboard;
			sourceTree = "<group>";
		};
		F4245F7A19E5C28900C58A41 /* LaunchScreen.xib */ = {
			isa = PBXVariantGroup;
			children = (
				F4245F7B19E5C28900C58A41 /* Base */,
			);
			name = LaunchScreen.xib;
			sourceTree = "<group>";
		};
/* End PBXVariantGroup section */

/* Begin XCBuildConfiguration section */
		F4245F8919E5C28900C58A41 /* Debug */ = {
			isa = XCBuildConfiguration;
			buildSettings = {
				ALWAYS_SEARCH_USER_PATHS = NO;
				CLANG_CXX_LANGUAGE_STANDARD = "gnu++0x";
				CLANG_CXX_LIBRARY = "libc++";
				CLANG_ENABLE_MODULES = YES;
				CLANG_ENABLE_OBJC_ARC = YES;
				CLANG_WARN_BOOL_CONVERSION = YES;
				CLANG_WARN_CONSTANT_CONVERSION = YES;
				CLANG_WARN_DIRECT_OBJC_ISA_USAGE = YES_ERROR;
				CLANG_WARN_EMPTY_BODY = YES;
				CLANG_WARN_ENUM_CONVERSION = YES;
				CLANG_WARN_INT_CONVERSION = YES;
				CLANG_WARN_OBJC_ROOT_CLASS = YES_ERROR;
				CLANG_WARN_UNREACHABLE_CODE = YES;
				CLANG_WARN__DUPLICATE_METHOD_MATCH = YES;
				"CODE_SIGN_IDENTITY[sdk=iphoneos*]" = "iPhone Developer";
				COPY_PHASE_STRIP = NO;
				ENABLE_STRICT_OBJC_MSGSEND = YES;
				GCC_C_LANGUAGE_STANDARD = gnu99;
				GCC_DYNAMIC_NO_PIC = NO;
				GCC_OPTIMIZATION_LEVEL = 0;
				GCC_PREPROCESSOR_DEFINITIONS = (
					"DEBUG=1",
					"$(inherited)",
				);
				GCC_SYMBOLS_PRIVATE_EXTERN = NO;
				GCC_WARN_64_TO_32_BIT_CONVERSION = YES;
				GCC_WARN_ABOUT_RETURN_TYPE = YES_ERROR;
				GCC_WARN_UNDECLARED_SELECTOR = YES;
				GCC_WARN_UNINITIALIZED_AUTOS = YES_AGGRESSIVE;
				GCC_WARN_UNUSED_FUNCTION = YES;
				GCC_WARN_UNUSED_VARIABLE = YES;
				IPHONEOS_DEPLOYMENT_TARGET = 8.0;
				MTL_ENABLE_DEBUG_INFO = YES;
				ONLY_ACTIVE_ARCH = YES;
				SDKROOT = iphoneos;
			};
			name = Debug;
		};
		F4245F8A19E5C28900C58A41 /* Release */ = {
			isa = XCBuildConfiguration;
			buildSettings = {
				ALWAYS_SEARCH_USER_PATHS = NO;
				CLANG_CXX_LANGUAGE_STANDARD = "gnu++0x";
				CLANG_CXX_LIBRARY = "libc++";
				CLANG_ENABLE_MODULES = YES;
				CLANG_ENABLE_OBJC_ARC = YES;
				CLANG_WARN_BOOL_CONVERSION = YES;
				CLANG_WARN_CONSTANT_CONVERSION = YES;
				CLANG_WARN_DIRECT_OBJC_ISA_USAGE = YES_ERROR;
				CLANG_WARN_EMPTY_BODY = YES;
				CLANG_WARN_ENUM_CONVERSION = YES;
				CLANG_WARN_INT_CONVERSION = YES;
				CLANG_WARN_OBJC_ROOT_CLASS = YES_ERROR;
				CLANG_WARN_UNREACHABLE_CODE = YES;
				CLANG_WARN__DUPLICATE_METHOD_MATCH = YES;
				"CODE_SIGN_IDENTITY[sdk=iphoneos*]" = "iPhone Developer";
				COPY_PHASE_STRIP = YES;
				ENABLE_NS_ASSERTIONS = NO;
				ENABLE_STRICT_OBJC_MSGSEND = YES;
				GCC_C_LANGUAGE_STANDARD = gnu99;
				GCC_WARN_64_TO_32_BIT_CONVERSION = YES;
				GCC_WARN_ABOUT_RETURN_TYPE = YES_ERROR;
				GCC_WARN_UNDECLARED_SELECTOR = YES;
				GCC_WARN_UNINITIALIZED_AUTOS = YES_AGGRESSIVE;
				GCC_WARN_UNUSED_FUNCTION = YES;
				GCC_WARN_UNUSED_VARIABLE = YES;
				IPHONEOS_DEPLOYMENT_TARGET = 8.0;
				MTL_ENABLE_DEBUG_INFO = NO;
				SDKROOT = iphoneos;
				VALIDATE_PRODUCT = YES;
			};
			name = Release;
		};
		F4245F8C19E5C28900C58A41 /* Debug */ = {
			isa = XCBuildConfiguration;
			buildSettings = {
				ASSETCATALOG_COMPILER_APPICON_NAME = AppIcon;
				INFOPLIST_FILE = Farkle/Info.plist;
				LD_RUNPATH_SEARCH_PATHS = "$(inherited) @executable_path/Frameworks";
				PRODUCT_NAME = "$(TARGET_NAME)";
			};
			name = Debug;
		};
		F4245F8D19E5C28900C58A41 /* Release */ = {
			isa = XCBuildConfiguration;
			buildSettings = {
				ASSETCATALOG_COMPILER_APPICON_NAME = AppIcon;
				INFOPLIST_FILE = Farkle/Info.plist;
				LD_RUNPATH_SEARCH_PATHS = "$(inherited) @executable_path/Frameworks";
				PRODUCT_NAME = "$(TARGET_NAME)";
			};
			name = Release;
		};
		F4245F8F19E5C28900C58A41 /* Debug */ = {
			isa = XCBuildConfiguration;
			buildSettings = {
				BUNDLE_LOADER = "$(TEST_HOST)";
				FRAMEWORK_SEARCH_PATHS = (
					"$(SDKROOT)/Developer/Library/Frameworks",
					"$(inherited)",
				);
				GCC_PREPROCESSOR_DEFINITIONS = (
					"DEBUG=1",
					"$(inherited)",
				);
				INFOPLIST_FILE = FarkleTests/Info.plist;
				LD_RUNPATH_SEARCH_PATHS = "$(inherited) @executable_path/Frameworks @loader_path/Frameworks";
				PRODUCT_NAME = "$(TARGET_NAME)";
				TEST_HOST = "$(BUILT_PRODUCTS_DIR)/Farkle.app/Farkle";
			};
			name = Debug;
		};
		F4245F9019E5C28900C58A41 /* Release */ = {
			isa = XCBuildConfiguration;
			buildSettings = {
				BUNDLE_LOADER = "$(TEST_HOST)";
				FRAMEWORK_SEARCH_PATHS = (
					"$(SDKROOT)/Developer/Library/Frameworks",
					"$(inherited)",
				);
				INFOPLIST_FILE = FarkleTests/Info.plist;
				LD_RUNPATH_SEARCH_PATHS = "$(inherited) @executable_path/Frameworks @loader_path/Frameworks";
				PRODUCT_NAME = "$(TARGET_NAME)";
				TEST_HOST = "$(BUILT_PRODUCTS_DIR)/Farkle.app/Farkle";
			};
			name = Release;
		};
/* End XCBuildConfiguration section */

/* Begin XCConfigurationList section */
		F4245F6319E5C28900C58A41 /* Build configuration list for PBXProject "Farkle" */ = {
			isa = XCConfigurationList;
			buildConfigurations = (
				F4245F8919E5C28900C58A41 /* Debug */,
				F4245F8A19E5C28900C58A41 /* Release */,
			);
			defaultConfigurationIsVisible = 0;
			defaultConfigurationName = Release;
		};
		F4245F8B19E5C28900C58A41 /* Build configuration list for PBXNativeTarget "Farkle" */ = {
			isa = XCConfigurationList;
			buildConfigurations = (
				F4245F8C19E5C28900C58A41 /* Debug */,
				F4245F8D19E5C28900C58A41 /* Release */,
			);
			defaultConfigurationIsVisible = 0;
		};
		F4245F8E19E5C28900C58A41 /* Build configuration list for PBXNativeTarget "FarkleTests" */ = {
			isa = XCConfigurationList;
			buildConfigurations = (
				F4245F8F19E5C28900C58A41 /* Debug */,
				F4245F9019E5C28900C58A41 /* Release */,
			);
			defaultConfigurationIsVisible = 0;
		};
/* End XCConfigurationList section */
	};
	rootObject = F4245F6019E5C28900C58A41 /* Project object */;
}
